
Microsoft Visual Studio Solution File, Format Version 12.00
# Visual Studio Version 17
VisualStudioVersion = 17.5.002.0
MinimumVisualStudioVersion = 10.0.40219.1
Project("{9A19103F-16F7-4668-BE54-9A1E7A4F7556}") = "Basics", "Basics.csproj", "{431316A4-027F-45B1-B6CE-FD49D63217EB}"
EndProject
Global
	GlobalSection(SolutionConfigurationPlatforms) = preSolution
		Debug|Any CPU = Debug|Any CPU
		Release|Any CPU = Release|Any CPU
	EndGlobalSection
	GlobalSection(ProjectConfigurationPlatforms) = postSolution
		{431316A4-027F-45B1-B6CE-FD49D63217EB}.Debug|Any CPU.ActiveCfg = Debug|Any CPU
		{431316A4-027F-45B1-B6CE-FD49D63217EB}.Debug|Any CPU.Build.0 = Debug|Any CPU
		{431316A4-027F-45B1-B6CE-FD49D63217EB}.Release|Any CPU.ActiveCfg = Release|Any CPU
		{431316A4-027F-45B1-B6CE-FD49D63217EB}.Release|Any CPU.Build.0 = Release|Any CPU
	EndGlobalSection
	GlobalSection(SolutionProperties) = preSolution
		HideSolutionNode = FALSE
	EndGlobalSection
	GlobalSection(ExtensibilityGlobals) = postSolution
		SolutionGuid = {E3DCBAC5-5F62-4A55-81BE-32D14CB5B61A}
	EndGlobalSection
EndGlobal
